<?xml version="1.0" encoding="utf-8"?>
<Project ToolsVersion="4.0" xmlns="http://schemas.microsoft.com/developer/msbuild/2003">
  <ItemGroup>
    <Filter Include="源文件">
      <UniqueIdentifier>{4FC737F1-C7A5-4376-A066-2A32D752A2FF}</UniqueIdentifier>
      <Extensions>cpp;c;cc;cxx;def;odl;idl;hpj;bat;asm;asmx</Extensions>
    </Filter>
    <Filter Include="头文件">
      <UniqueIdentifier>{93995380-89BD-4b04-88EB-625FBE52EBFB}</UniqueIdentifier>
      <Extensions>h;hh;hpp;hxx;hm;inl;inc;ipp;xsd</Extensions>
    </Filter>
    <Filter Include="资源文件">
      <UniqueIdentifier>{67DA6AB6-F800-4c08-8B7A-83BB121AAD01}</UniqueIdentifier>
      <Extensions>rc;ico;cur;bmp;dlg;rc2;rct;bin;rgs;gif;jpg;jpeg;jpe;resx;tiff;tif;png;wav;mfcribbon-ms</Extensions>
    </Filter>
    <Filter Include="lua">
      <UniqueIdentifier>{a75c296a-42a4-4bc6-93de-5a6e088026d5}</UniqueIdentifier>
    </Filter>
  </ItemGroup>
  <ItemGroup>
    <ClCompile Include="..\..\test\test.cpp">
      <Filter>源文件</Filter>
    </ClCompile>
    <ClCompile Include="..\..\test\timer.cpp">
      <Filter>源文件</Filter>
    </ClCompile>
    <ClCompile Include="stdafx.cpp">
      <Filter>源文件</Filter>
    </ClCompile>
  </ItemGroup>
  <ItemGroup>
    <None Include="..\..\test\signalslots.lua">
      <Filter>lua</Filter>
    </None>
    <None Include="..\..\test\test.lua">
      <Filter>lua</Filter>
    </None>
    <None Include="..\..\test\test0.lua">
      <Filter>lua</Filter>
    </None>
    <None Include="..\..\test\test1.lua">
      <Filter>lua</Filter>
    </None>
    <None Include="..\..\test\test2.lua">
      <Filter>lua</Filter>
    </None>
    <None Include="..\..\test\test3.lua">
      <Filter>lua</Filter>
    </None>
    <None Include="..\..\test\test4.lua">
      <Filter>lua</Filter>
    </None>
    <None Include="..\..\test\test5.lua">
      <Filter>lua</Filter>
    </None>
    <None Include="..\..\test\test6.lua">
      <Filter>lua</Filter>
    </None>
    <None Include="..\..\test\test999.lua">
      <Filter>lua</Filter>
    </None>
    <None Include="..\..\test\main.lua">
      <Filter>lua</Filter>
    </None>
    <None Include="..\..\test\test7.lua">
      <Filter>lua</Filter>
    </None>
  </ItemGroup>
  <ItemGroup>
    <ClInclude Include="stdafx.h">
      <Filter>头文件</Filter>
    </ClInclude>
    <ClInclude Include="..\..\test\timer.hpp">
      <Filter>头文件</Filter>
    </ClInclude>
  </ItemGroup>
</Project>