<?xml version="1.0" encoding="utf-8"?>
<Project ToolsVersion="4.0" xmlns="http://schemas.microsoft.com/developer/msbuild/2003">
  <ItemGroup>
    <Filter Include="源文件">
      <UniqueIdentifier>{4FC737F1-C7A5-4376-A066-2A32D752A2FF}</UniqueIdentifier>
      <Extensions>cpp;c;cc;cxx;def;odl;idl;hpj;bat;asm;asmx</Extensions>
    </Filter>
    <Filter Include="头文件">
      <UniqueIdentifier>{93995380-89BD-4b04-88EB-625FBE52EBFB}</UniqueIdentifier>
      <Extensions>h;hh;hpp;hxx;hm;inl;inc;ipp;xsd</Extensions>
    </Filter>
    <Filter Include="资源文件">
      <UniqueIdentifier>{67DA6AB6-F800-4c08-8B7A-83BB121AAD01}</UniqueIdentifier>
      <Extensions>rc;ico;cur;bmp;dlg;rc2;rct;bin;rgs;gif;jpg;jpeg;jpe;resx;tiff;tif;png;wav;mfcribbon-ms</Extensions>
    </Filter>
    <Filter Include="cross">
      <UniqueIdentifier>{72069c5f-820a-4c9f-9946-0d4d8701e393}</UniqueIdentifier>
    </Filter>
  </ItemGroup>
  <ItemGroup>
    <ClInclude Include="..\..\nlua++\cross\cross.hpp">
      <Filter>cross</Filter>
    </ClInclude>
    <ClInclude Include="..\..\nlua++\cross\datetime.hpp">
      <Filter>cross</Filter>
    </ClInclude>
    <ClInclude Include="..\..\nlua++\cross\fs.hpp">
      <Filter>cross</Filter>
    </ClInclude>
    <ClInclude Include="..\..\nlua++\cross\macro.hpp">
      <Filter>cross</Filter>
    </ClInclude>
    <ClInclude Include="..\..\nlua++\cross\memory.hpp">
      <Filter>cross</Filter>
    </ClInclude>
    <ClInclude Include="..\..\nlua++\cross\str.hpp">
      <Filter>cross</Filter>
    </ClInclude>
    <ClInclude Include="..\..\nlua++\cross\stringbuilder.hpp">
      <Filter>cross</Filter>
    </ClInclude>
    <ClInclude Include="..\..\nlua++\cross\sys.hpp">
      <Filter>cross</Filter>
    </ClInclude>
    <ClInclude Include="..\..\nlua++\cross\threads.hpp">
      <Filter>cross</Filter>
    </ClInclude>
    <ClInclude Include="..\..\nlua++\cross\timer.hpp">
      <Filter>cross</Filter>
    </ClInclude>
    <ClInclude Include="..\..\nlua++\ast.hpp">
      <Filter>头文件</Filter>
    </ClInclude>
    <ClInclude Include="..\..\nlua++\com++.hpp">
      <Filter>头文件</Filter>
    </ClInclude>
    <ClInclude Include="..\..\nlua++\liblua.hpp">
      <Filter>头文件</Filter>
    </ClInclude>
    <ClInclude Include="..\..\nlua++\macro.hpp">
      <Filter>头文件</Filter>
    </ClInclude>
    <ClInclude Include="..\..\nlua++\nlua++.hpp">
      <Filter>头文件</Filter>
    </ClInclude>
    <ClInclude Include="..\..\nlua++\private.hpp">
      <Filter>头文件</Filter>
    </ClInclude>
    <ClInclude Include="..\..\nlua++\value.hpp">
      <Filter>头文件</Filter>
    </ClInclude>
    <ClInclude Include="..\..\nlua++\variant.hpp">
      <Filter>头文件</Filter>
    </ClInclude>
  </ItemGroup>
  <ItemGroup>
    <ClCompile Include="..\..\nlua++\cross\datetime.cpp">
      <Filter>cross</Filter>
    </ClCompile>
    <ClCompile Include="..\..\nlua++\cross\fs.cpp">
      <Filter>cross</Filter>
    </ClCompile>
    <ClCompile Include="..\..\nlua++\cross\str.cpp">
      <Filter>cross</Filter>
    </ClCompile>
    <ClCompile Include="..\..\nlua++\cross\sys.cpp">
      <Filter>cross</Filter>
    </ClCompile>
    <ClCompile Include="..\..\nlua++\cross\threads.cpp">
      <Filter>cross</Filter>
    </ClCompile>
    <ClCompile Include="..\..\nlua++\cross\timer.cpp">
      <Filter>cross</Filter>
    </ClCompile>
    <ClCompile Include="..\..\nlua++\ast.cpp">
      <Filter>源文件</Filter>
    </ClCompile>
    <ClCompile Include="..\..\nlua++\nlua++.cpp">
      <Filter>源文件</Filter>
    </ClCompile>
    <ClCompile Include="..\..\nlua++\private.cpp">
      <Filter>源文件</Filter>
    </ClCompile>
    <ClCompile Include="..\..\nlua++\value.cpp">
      <Filter>源文件</Filter>
    </ClCompile>
    <ClCompile Include="..\..\nlua++\variant.cpp">
      <Filter>源文件</Filter>
    </ClCompile>
  </ItemGroup>
</Project>